
Microsoft Visual Studio Solution File, Format Version 12.00
# Visual Studio Version 16
VisualStudioVersion = 16.0.29424.173
MinimumVisualStudioVersion = 10.0.40219.1
Project("{FAE04EC0-301F-11D3-BF4B-00C04F79EFBC}") = "AsyncWebApp", "AsyncWebApp\AsyncWebApp.csproj", "{0FE211D6-0604-4603-80EF-1B8CB06E5256}"
EndProject
Project("{FAE04EC0-301F-11D3-BF4B-00C04F79EFBC}") = "AsyncTasks", "AsyncTasks\AsyncTasks.csproj", "{7E1CFDB8-8428-48BD-98F3-48BEC9C19CF3}"
EndProject
Project("{FAE04EC0-301F-11D3-BF4B-00C04F79EFBC}") = "SimpleParallelism", "SimpleParallelism\SimpleParallelism.csproj", "{015D10E3-9DF0-4F50-8CCE-FF2828BFADAF}"
EndProject
Global
	GlobalSection(SolutionConfigurationPlatforms) = preSolution
		Debug|Any CPU = Debug|Any CPU
		Release|Any CPU = Release|Any CPU
	EndGlobalSection
	GlobalSection(ProjectConfigurationPlatforms) = postSolution
		{0FE211D6-0604-4603-80EF-1B8CB06E5256}.Debug|Any CPU.ActiveCfg = Debug|Any CPU
		{0FE211D6-0604-4603-80EF-1B8CB06E5256}.Debug|Any CPU.Build.0 = Debug|Any CPU
		{0FE211D6-0604-4603-80EF-1B8CB06E5256}.Release|Any CPU.ActiveCfg = Release|Any CPU
		{0FE211D6-0604-4603-80EF-1B8CB06E5256}.Release|Any CPU.Build.0 = Release|Any CPU
		{7E1CFDB8-8428-48BD-98F3-48BEC9C19CF3}.Debug|Any CPU.ActiveCfg = Debug|Any CPU
		{7E1CFDB8-8428-48BD-98F3-48BEC9C19CF3}.Debug|Any CPU.Build.0 = Debug|Any CPU
		{7E1CFDB8-8428-48BD-98F3-48BEC9C19CF3}.Release|Any CPU.ActiveCfg = Release|Any CPU
		{7E1CFDB8-8428-48BD-98F3-48BEC9C19CF3}.Release|Any CPU.Build.0 = Release|Any CPU
		{015D10E3-9DF0-4F50-8CCE-FF2828BFADAF}.Debug|Any CPU.ActiveCfg = Debug|Any CPU
		{015D10E3-9DF0-4F50-8CCE-FF2828BFADAF}.Debug|Any CPU.Build.0 = Debug|Any CPU
		{015D10E3-9DF0-4F50-8CCE-FF2828BFADAF}.Release|Any CPU.ActiveCfg = Release|Any CPU
		{015D10E3-9DF0-4F50-8CCE-FF2828BFADAF}.Release|Any CPU.Build.0 = Release|Any CPU
	EndGlobalSection
	GlobalSection(SolutionProperties) = preSolution
		HideSolutionNode = FALSE
	EndGlobalSection
	GlobalSection(ExtensibilityGlobals) = postSolution
		SolutionGuid = {33033D8C-5F2E-473C-99A7-7CA19A6B2CEE}
	EndGlobalSection
EndGlobal
